
Microsoft Visual Studio Solution File, Format Version 12.00
# Visual Studio Version 16
VisualStudioVersion = 16.0.30011.22
MinimumVisualStudioVersion = 10.0.40219.1
Project("{FAE04EC0-301F-11D3-BF4B-00C04F79EFBC}") = "Laboratory work_4", "Laboratory work_4.csproj", "{64DFDC7A-83C4-44C8-B07D-2A9A8F511BF1}"
EndProject
Global
	GlobalSection(SolutionConfigurationPlatforms) = preSolution
		Debug|Any CPU = Debug|Any CPU
		Release|Any CPU = Release|Any CPU
	EndGlobalSection
	GlobalSection(ProjectConfigurationPlatforms) = postSolution
		{64DFDC7A-83C4-44C8-B07D-2A9A8F511BF1}.Debug|Any CPU.ActiveCfg = Debug|Any CPU
		{64DFDC7A-83C4-44C8-B07D-2A9A8F511BF1}.Debug|Any CPU.Build.0 = Debug|Any CPU
		{64DFDC7A-83C4-44C8-B07D-2A9A8F511BF1}.Release|Any CPU.ActiveCfg = Release|Any CPU
		{64DFDC7A-83C4-44C8-B07D-2A9A8F511BF1}.Release|Any CPU.Build.0 = Release|Any CPU
	EndGlobalSection
	GlobalSection(SolutionProperties) = preSolution
		HideSolutionNode = FALSE
	EndGlobalSection
	GlobalSection(ExtensibilityGlobals) = postSolution
		SolutionGuid = {0F73167E-101F-43B7-B9FC-92ED0E269E7F}
	EndGlobalSection
EndGlobal
